
Microsoft Visual Studio Solution File, Format Version 12.00
# Visual Studio 15
VisualStudioVersion = 15.0.28307.421
MinimumVisualStudioVersion = 10.0.40219.1
Project("{FAE04EC0-301F-11D3-BF4B-00C04F79EFBC}") = "TiendaVirtualWeb", "TiendaVirtualWeb\TiendaVirtualWeb.csproj", "{B9FDD112-052A-4B41-ABC3-9C8AC50DC5C3}"
EndProject
Project("{FAE04EC0-301F-11D3-BF4B-00C04F79EFBC}") = "TiendaVirtualWeb.Tests", "TiendaVirtualWeb.Tests\TiendaVirtualWeb.Tests.csproj", "{AF7F7D1C-6B05-443E-8A0C-0165D6F45ACA}"
EndProject
Global
	GlobalSection(SolutionConfigurationPlatforms) = preSolution
		Debug|Any CPU = Debug|Any CPU
		Release|Any CPU = Release|Any CPU
	EndGlobalSection
	GlobalSection(ProjectConfigurationPlatforms) = postSolution
		{B9FDD112-052A-4B41-ABC3-9C8AC50DC5C3}.Debug|Any CPU.ActiveCfg = Debug|Any CPU
		{B9FDD112-052A-4B41-ABC3-9C8AC50DC5C3}.Debug|Any CPU.Build.0 = Debug|Any CPU
		{B9FDD112-052A-4B41-ABC3-9C8AC50DC5C3}.Release|Any CPU.ActiveCfg = Release|Any CPU
		{B9FDD112-052A-4B41-ABC3-9C8AC50DC5C3}.Release|Any CPU.Build.0 = Release|Any CPU
		{AF7F7D1C-6B05-443E-8A0C-0165D6F45ACA}.Debug|Any CPU.ActiveCfg = Debug|Any CPU
		{AF7F7D1C-6B05-443E-8A0C-0165D6F45ACA}.Debug|Any CPU.Build.0 = Debug|Any CPU
		{AF7F7D1C-6B05-443E-8A0C-0165D6F45ACA}.Release|Any CPU.ActiveCfg = Release|Any CPU
		{AF7F7D1C-6B05-443E-8A0C-0165D6F45ACA}.Release|Any CPU.Build.0 = Release|Any CPU
	EndGlobalSection
	GlobalSection(SolutionProperties) = preSolution
		HideSolutionNode = FALSE
	EndGlobalSection
	GlobalSection(ExtensibilityGlobals) = postSolution
		SolutionGuid = {07D34B00-0133-45DC-82FE-8456FD419EAD}
	EndGlobalSection
EndGlobal
